{
  "originHash" : "f7bb7f140ce11dba2d2a93d832c66fcae1f7b9e34b4c6b27784e3bd82bf10d8e",
  "pins" : [
    {
      "identity" : "fullstory-swift-package-ios",
      "kind" : "remoteSourceControl",
      "location" : "https://github.com/fullstorydev/fullstory-swift-package-ios",
      "state" : {
        "revision" : "bf1987d0d911fb0c7eebedf127bfa78252f5b2b7",
        "version" : "1.63.2"
      }
    },
    {
      "identity" : "survicate-ios-sdk",
      "kind" : "remoteSourceControl",
      "location" : "https://github.com/Survicate/survicate-ios-sdk",
      "state" : {
        "revision" : "b3d93d13b027fbc3a5c4864fab4ab7ecc9685703",
        "version" : "7.0.0"
      }
    }
  ],
  "version" : 3
}
